
Microsoft Visual Studio Solution File, Format Version 12.00
# Visual Studio Version 16
VisualStudioVersion = 16.0.31129.286
MinimumVisualStudioVersion = 10.0.40219.1
Project("{FAE04EC0-301F-11D3-BF4B-00C04F79EFBC}") = "GambleGame", "src\GambleGame.csproj", "{61A7FC07-4455-489E-889C-559B3728D605}"
EndProject
Global
	GlobalSection(SolutionConfigurationPlatforms) = preSolution
		Debug|Any CPU = Debug|Any CPU
		Release|Any CPU = Release|Any CPU
	EndGlobalSection
	GlobalSection(ProjectConfigurationPlatforms) = postSolution
		{61A7FC07-4455-489E-889C-559B3728D605}.Debug|Any CPU.ActiveCfg = Debug|Any CPU
		{61A7FC07-4455-489E-889C-559B3728D605}.Debug|Any CPU.Build.0 = Debug|Any CPU
		{61A7FC07-4455-489E-889C-559B3728D605}.Release|Any CPU.ActiveCfg = Release|Any CPU
		{61A7FC07-4455-489E-889C-559B3728D605}.Release|Any CPU.Build.0 = Release|Any CPU
	EndGlobalSection
	GlobalSection(SolutionProperties) = preSolution
		HideSolutionNode = FALSE
	EndGlobalSection
	GlobalSection(ExtensibilityGlobals) = postSolution
		SolutionGuid = {C58D98D9-FBA5-42F3-AAA7-69C09962CA44}
	EndGlobalSection
EndGlobal
